{
  "nodes": {
    "nixpkgs": {
      "locked": {
        "lastModified": 1764517877,
        "narHash": "sha256-pp3uT4hHijIC8JUK5MEqeAWmParJrgBVzHLNfJDZxg4=",
        "owner": "NixOS",
        "repo": "nixpkgs",
        "rev": "2d293cbfa5a793b4c50d17c05ef9e385b90edf6c",
        "type": "github"
      },
      "original": {
        "id": "nixpkgs",
        "ref": "nixos-unstable",
        "type": "indirect"
      }
    },
    "rcl": {
      "inputs": {
        "nixpkgs": [
          "nixpkgs"
        ],
        "rust-overlay": "rust-overlay"
      },
      "locked": {
        "lastModified": 1763927114,
        "narHash": "sha256-1dIaWoe8IJaufVJ4+kVLJ8b3xo4bsv/tPXthpGFJLV8=",
        "owner": "ruuda",
        "repo": "rcl",
        "rev": "4d4d14e4392932544edb7c42edbfade93a7dc6d2",
        "type": "github"
      },
      "original": {
        "owner": "ruuda",
        "ref": "master",
        "repo": "rcl",
        "type": "github"
      }
    },
    "root": {
      "inputs": {
        "nixpkgs": "nixpkgs",
        "rcl": "rcl"
      }
    },
    "rust-overlay": {
      "inputs": {
        "nixpkgs": [
          "rcl",
          "nixpkgs"
        ]
      },
      "locked": {
        "lastModified": 1735525800,
        "narHash": "sha256-pcN8LAL021zdC99a9F7iEiFCI1wmrE4DpIYUgKpB/jY=",
        "owner": "oxalica",
        "repo": "rust-overlay",
        "rev": "10faa81b4c0135a04716cbd1649260d82b2890cd",
        "type": "github"
      },
      "original": {
        "owner": "oxalica",
        "repo": "rust-overlay",
        "rev": "10faa81b4c0135a04716cbd1649260d82b2890cd",
        "type": "github"
      }
    }
  },
  "root": "root",
  "version": 7
}
