{
  "nodes": {
    "nixpkgs": {
      "locked": {
        "lastModified": 1700612854,
        "narHash": "sha256-yrQ8osMD+vDLGFX7pcwsY/Qr5PUd6OmDMYJZzZi0+zc=",
        "owner": "NixOS",
        "repo": "nixpkgs",
        "rev": "19cbff58383a4ae384dea4d1d0c823d72b49d614",
        "type": "github"
      },
      "original": {
        "id": "nixpkgs",
        "ref": "nixos-unstable",
        "type": "indirect"
      }
    },
    "rcl": {
      "inputs": {
        "nixpkgs": [
          "nixpkgs"
        ]
      },
      "locked": {
        "lastModified": 1701734538,
        "narHash": "sha256-OsKwm0vSRS1hEwCPsi99l1IwzzknOJXA7NvhixSVqWs=",
        "owner": "ruuda",
        "repo": "rcl",
        "rev": "ddf21a2aa79f1ccff980c25790de99efa7501131",
        "type": "github"
      },
      "original": {
        "owner": "ruuda",
        "ref": "more-builtins",
        "repo": "rcl",
        "type": "github"
      }
    },
    "root": {
      "inputs": {
        "nixpkgs": "nixpkgs",
        "rcl": "rcl"
      }
    }
  },
  "root": "root",
  "version": 7
}
